// !$*UTF8*$!
{
	archiveVersion = 1;
	classes = {
	};
	objectVersion = 56;
	objects = {

/* Begin PBXBuildFile section */
		5B0662DA29D6A096001A5A54 /* EditCategoryViewController.swift in Sources */ = {isa = PBXBuildFile; fileRef = 5B0662D929D6A096001A5A54 /* EditCategoryViewController.swift */; };
		5B0662DC29D6A112001A5A54 /* EditCategoryView.swift in Sources */ = {isa = PBXBuildFile; fileRef = 5B0662DB29D6A112001A5A54 /* EditCategoryView.swift */; };
		5B0662DE29D6A33E001A5A54 /* EditCategoryViewTextFieldHelper.swift in Sources */ = {isa = PBXBuildFile; fileRef = 5B0662DD29D6A33E001A5A54 /* EditCategoryViewTextFieldHelper.swift */; };
		5B0662E029D6E49E001A5A54 /* SheduleViewController.swift in Sources */ = {isa = PBXBuildFile; fileRef = 5B0662DF29D6E49E001A5A54 /* SheduleViewController.swift */; };
		5B0662E229D6E53D001A5A54 /* SheduleView.swift in Sources */ = {isa = PBXBuildFile; fileRef = 5B0662E129D6E53D001A5A54 /* SheduleView.swift */; };
		5B0662E429D6E7DE001A5A54 /* SheduleCollectionViewCell.swift in Sources */ = {isa = PBXBuildFile; fileRef = 5B0662E329D6E7DE001A5A54 /* SheduleCollectionViewCell.swift */; };
		5B0662E629D6E8E6001A5A54 /* SheduleCollectionViewCellHelper.swift in Sources */ = {isa = PBXBuildFile; fileRef = 5B0662E529D6E8E6001A5A54 /* SheduleCollectionViewCellHelper.swift */; };
		5B0662EA29D8632A001A5A54 /* PlugView.swift in Sources */ = {isa = PBXBuildFile; fileRef = 5B0662E929D8632A001A5A54 /* PlugView.swift */; };
		5B49769C29F7A8620072F9C0 /* ScheduleMarshalling.swift in Sources */ = {isa = PBXBuildFile; fileRef = 5B49769B29F7A8620072F9C0 /* ScheduleMarshalling.swift */; };
		5B49C09029EBE60E008EE30A /* String+extension.swift in Sources */ = {isa = PBXBuildFile; fileRef = 5B49C08F29EBE60E008EE30A /* String+extension.swift */; };
		5B49C09229ED1BCE008EE30A /* Date+extension.swift in Sources */ = {isa = PBXBuildFile; fileRef = 5B49C09129ED1BCE008EE30A /* Date+extension.swift */; };
		5B6A1DF229D19784006BD980 /* .gitignore in Resources */ = {isa = PBXBuildFile; fileRef = 5B6A1DF129D19784006BD980 /* .gitignore */; };
		5B6A1DF629D19EDB006BD980 /* UIColor+extension.swift in Sources */ = {isa = PBXBuildFile; fileRef = 5B6A1DF529D19EDB006BD980 /* UIColor+extension.swift */; };
		5B6A1DF829D1A804006BD980 /* UIFont+extension.swift in Sources */ = {isa = PBXBuildFile; fileRef = 5B6A1DF729D1A804006BD980 /* UIFont+extension.swift */; };
		5B6A1DFA29D1AEE8006BD980 /* TabBarController.swift in Sources */ = {isa = PBXBuildFile; fileRef = 5B6A1DF929D1AEE8006BD980 /* TabBarController.swift */; };
		5B6A1DFD29D1B184006BD980 /* StatisticViewController.swift in Sources */ = {isa = PBXBuildFile; fileRef = 5B6A1DFC29D1B184006BD980 /* StatisticViewController.swift */; };
		5B6A1E0329D1D645006BD980 /* UIView+extension.swift in Sources */ = {isa = PBXBuildFile; fileRef = 5B6A1E0229D1D645006BD980 /* UIView+extension.swift */; };
		5B7D879229D16EDD00765744 /* AppDelegate.swift in Sources */ = {isa = PBXBuildFile; fileRef = 5B7D879129D16EDD00765744 /* AppDelegate.swift */; };
		5B7D879429D16EDD00765744 /* SceneDelegate.swift in Sources */ = {isa = PBXBuildFile; fileRef = 5B7D879329D16EDD00765744 /* SceneDelegate.swift */; };
		5B7D879629D16EDD00765744 /* TrackersViewController.swift in Sources */ = {isa = PBXBuildFile; fileRef = 5B7D879529D16EDD00765744 /* TrackersViewController.swift */; };
		5B7D879B29D16EDE00765744 /* Assets.xcassets in Resources */ = {isa = PBXBuildFile; fileRef = 5B7D879A29D16EDE00765744 /* Assets.xcassets */; };
		5B7D879E29D16EDE00765744 /* LaunchScreen.storyboard in Resources */ = {isa = PBXBuildFile; fileRef = 5B7D879C29D16EDE00765744 /* LaunchScreen.storyboard */; };
		5B88D8D829D2F41A00A325E4 /* TrackerCollectionViewCell.swift in Sources */ = {isa = PBXBuildFile; fileRef = 5B88D8D729D2F41A00A325E4 /* TrackerCollectionViewCell.swift */; };
		5B88D8DA29D2F9DA00A325E4 /* Tracker.swift in Sources */ = {isa = PBXBuildFile; fileRef = 5B88D8D929D2F9DA00A325E4 /* Tracker.swift */; };
		5B88D8E129D3492B00A325E4 /* TypeTrackerViewController.swift in Sources */ = {isa = PBXBuildFile; fileRef = 5B88D8E029D3492B00A325E4 /* TypeTrackerViewController.swift */; };
		5B88D8E329D3498300A325E4 /* TypeTrackerView.swift in Sources */ = {isa = PBXBuildFile; fileRef = 5B88D8E229D3498300A325E4 /* TypeTrackerView.swift */; };
		5B88D8E729D34D7500A325E4 /* UIViewController+extension.swift in Sources */ = {isa = PBXBuildFile; fileRef = 5B88D8E629D34D7500A325E4 /* UIViewController+extension.swift */; };
		5B88D8E929D34F9D00A325E4 /* Constants.swift in Sources */ = {isa = PBXBuildFile; fileRef = 5B88D8E829D34F9D00A325E4 /* Constants.swift */; };
		5B88D8EB29D351B800A325E4 /* TrackerButton.swift in Sources */ = {isa = PBXBuildFile; fileRef = 5B88D8EA29D351B800A325E4 /* TrackerButton.swift */; };
		5B88D8F229D4103000A325E4 /* CreateTrackerViewController.swift in Sources */ = {isa = PBXBuildFile; fileRef = 5B88D8F129D4103000A325E4 /* CreateTrackerViewController.swift */; };
		5B88D8F429D412E100A325E4 /* CreateTrackerView.swift in Sources */ = {isa = PBXBuildFile; fileRef = 5B88D8F329D412E100A325E4 /* CreateTrackerView.swift */; };
		5B88D8F629D442E900A325E4 /* ColorAndEmojiCollectionViewHelper.swift in Sources */ = {isa = PBXBuildFile; fileRef = 5B88D8F529D442E900A325E4 /* ColorAndEmojiCollectionViewHelper.swift */; };
		5B88D8FB29D4487500A325E4 /* Collection+extension.swift in Sources */ = {isa = PBXBuildFile; fileRef = 5B88D8FA29D4487500A325E4 /* Collection+extension.swift */; };
		5B88D8FD29D459F200A325E4 /* HeaderReusableView.swift in Sources */ = {isa = PBXBuildFile; fileRef = 5B88D8FC29D459F200A325E4 /* HeaderReusableView.swift */; };
		5B88D8FF29D473D300A325E4 /* ColorCollectionViewCell.swift in Sources */ = {isa = PBXBuildFile; fileRef = 5B88D8FE29D473D300A325E4 /* ColorCollectionViewCell.swift */; };
		5B88D90129D47B5A00A325E4 /* EmojiCollectionViewCell.swift in Sources */ = {isa = PBXBuildFile; fileRef = 5B88D90029D47B5A00A325E4 /* EmojiCollectionViewCell.swift */; };
		5B88D90A29D5619400A325E4 /* SheduleCategoryTableViewHelper.swift in Sources */ = {isa = PBXBuildFile; fileRef = 5B88D90929D5619400A325E4 /* SheduleCategoryTableViewHelper.swift */; };
		5B88D90C29D5786800A325E4 /* NameTrackerTextField.swift in Sources */ = {isa = PBXBuildFile; fileRef = 5B88D90B29D5786800A325E4 /* NameTrackerTextField.swift */; };
		5B88D91629D5BC2000A325E4 /* NameTrackerTextFieldHelper.swift in Sources */ = {isa = PBXBuildFile; fileRef = 5B88D91529D5BC2000A325E4 /* NameTrackerTextFieldHelper.swift */; };
		5B88D91829D5D80E00A325E4 /* CategoryViewController.swift in Sources */ = {isa = PBXBuildFile; fileRef = 5B88D91729D5D80E00A325E4 /* CategoryViewController.swift */; };
		5B88D91A29D5D87E00A325E4 /* CategoryView.swift in Sources */ = {isa = PBXBuildFile; fileRef = 5B88D91929D5D87E00A325E4 /* CategoryView.swift */; };
		5B88D91C29D5EB6A00A325E4 /* CategoryCollectionViewCell.swift in Sources */ = {isa = PBXBuildFile; fileRef = 5B88D91B29D5EB6A00A325E4 /* CategoryCollectionViewCell.swift */; };
		5B88D91E29D5F24600A325E4 /* CategoryCollectionViewCellHelper.swift in Sources */ = {isa = PBXBuildFile; fileRef = 5B88D91D29D5F24600A325E4 /* CategoryCollectionViewCellHelper.swift */; };
		5BBB6AF729E583DC00027985 /* TrackerCategory.swift in Sources */ = {isa = PBXBuildFile; fileRef = 5BBB6AF629E583DC00027985 /* TrackerCategory.swift */; };
		5BBB6AF929E5842200027985 /* TrackerRecord.swift in Sources */ = {isa = PBXBuildFile; fileRef = 5BBB6AF829E5842200027985 /* TrackerRecord.swift */; };
		5BBB6AFC29E6952B00027985 /* ScheduleCategoryTableViewModel.swift in Sources */ = {isa = PBXBuildFile; fileRef = 5BBB6AFB29E6952B00027985 /* ScheduleCategoryTableViewModel.swift */; };
		5BC5CB6829F90FCD008A1FFB /* DataProvider.swift in Sources */ = {isa = PBXBuildFile; fileRef = 5BC5CB6729F90FCD008A1FFB /* DataProvider.swift */; };
		5BC7254429DB217500D66F3D /* CategoryStorage.swift in Sources */ = {isa = PBXBuildFile; fileRef = 5BC7254329DB217500D66F3D /* CategoryStorage.swift */; };
		5BF181FF29F6A07C00AC5510 /* TrackerStore.swift in Sources */ = {isa = PBXBuildFile; fileRef = 5BF181FE29F6A07C00AC5510 /* TrackerStore.swift */; };
		5BF1820129F6A08E00AC5510 /* TrackerCategoryStore.swift in Sources */ = {isa = PBXBuildFile; fileRef = 5BF1820029F6A08E00AC5510 /* TrackerCategoryStore.swift */; };
		5BF1820329F6A09E00AC5510 /* TrackerRecordStore.swift in Sources */ = {isa = PBXBuildFile; fileRef = 5BF1820229F6A09E00AC5510 /* TrackerRecordStore.swift */; };
		5BF1820729F6A10D00AC5510 /* Model.xcdatamodeld in Sources */ = {isa = PBXBuildFile; fileRef = 5BF1820529F6A10D00AC5510 /* Model.xcdatamodeld */; };
		5BF1823029F6BC3A00AC5510 /* UIColorMarshalling.swift in Sources */ = {isa = PBXBuildFile; fileRef = 5BF1822F29F6BC3A00AC5510 /* UIColorMarshalling.swift */; };
/* End PBXBuildFile section */

/* Begin PBXFileReference section */
		5B0662D929D6A096001A5A54 /* EditCategoryViewController.swift */ = {isa = PBXFileReference; lastKnownFileType = sourcecode.swift; path = EditCategoryViewController.swift; sourceTree = "<group>"; };
		5B0662DB29D6A112001A5A54 /* EditCategoryView.swift */ = {isa = PBXFileReference; lastKnownFileType = sourcecode.swift; path = EditCategoryView.swift; sourceTree = "<group>"; };
		5B0662DD29D6A33E001A5A54 /* EditCategoryViewTextFieldHelper.swift */ = {isa = PBXFileReference; lastKnownFileType = sourcecode.swift; path = EditCategoryViewTextFieldHelper.swift; sourceTree = "<group>"; };
		5B0662DF29D6E49E001A5A54 /* SheduleViewController.swift */ = {isa = PBXFileReference; lastKnownFileType = sourcecode.swift; path = SheduleViewController.swift; sourceTree = "<group>"; };
		5B0662E129D6E53D001A5A54 /* SheduleView.swift */ = {isa = PBXFileReference; lastKnownFileType = sourcecode.swift; path = SheduleView.swift; sourceTree = "<group>"; };
		5B0662E329D6E7DE001A5A54 /* SheduleCollectionViewCell.swift */ = {isa = PBXFileReference; lastKnownFileType = sourcecode.swift; path = SheduleCollectionViewCell.swift; sourceTree = "<group>"; };
		5B0662E529D6E8E6001A5A54 /* SheduleCollectionViewCellHelper.swift */ = {isa = PBXFileReference; lastKnownFileType = sourcecode.swift; path = SheduleCollectionViewCellHelper.swift; sourceTree = "<group>"; };
		5B0662E929D8632A001A5A54 /* PlugView.swift */ = {isa = PBXFileReference; lastKnownFileType = sourcecode.swift; path = PlugView.swift; sourceTree = "<group>"; };
		5B49769B29F7A8620072F9C0 /* ScheduleMarshalling.swift */ = {isa = PBXFileReference; lastKnownFileType = sourcecode.swift; path = ScheduleMarshalling.swift; sourceTree = "<group>"; };
		5B49C08F29EBE60E008EE30A /* String+extension.swift */ = {isa = PBXFileReference; lastKnownFileType = sourcecode.swift; path = "String+extension.swift"; sourceTree = "<group>"; };
		5B49C09129ED1BCE008EE30A /* Date+extension.swift */ = {isa = PBXFileReference; lastKnownFileType = sourcecode.swift; path = "Date+extension.swift"; sourceTree = "<group>"; };
		5B6A1DF129D19784006BD980 /* .gitignore */ = {isa = PBXFileReference; lastKnownFileType = text; path = .gitignore; sourceTree = "<group>"; };
		5B6A1DF529D19EDB006BD980 /* UIColor+extension.swift */ = {isa = PBXFileReference; lastKnownFileType = sourcecode.swift; path = "UIColor+extension.swift"; sourceTree = "<group>"; };
		5B6A1DF729D1A804006BD980 /* UIFont+extension.swift */ = {isa = PBXFileReference; lastKnownFileType = sourcecode.swift; path = "UIFont+extension.swift"; sourceTree = "<group>"; };
		5B6A1DF929D1AEE8006BD980 /* TabBarController.swift */ = {isa = PBXFileReference; lastKnownFileType = sourcecode.swift; path = TabBarController.swift; sourceTree = "<group>"; };
		5B6A1DFC29D1B184006BD980 /* StatisticViewController.swift */ = {isa = PBXFileReference; lastKnownFileType = sourcecode.swift; path = StatisticViewController.swift; sourceTree = "<group>"; };
		5B6A1E0229D1D645006BD980 /* UIView+extension.swift */ = {isa = PBXFileReference; lastKnownFileType = sourcecode.swift; path = "UIView+extension.swift"; sourceTree = "<group>"; };
		5B7D878E29D16EDD00765744 /* Tracker.app */ = {isa = PBXFileReference; explicitFileType = wrapper.application; includeInIndex = 0; path = Tracker.app; sourceTree = BUILT_PRODUCTS_DIR; };
		5B7D879129D16EDD00765744 /* AppDelegate.swift */ = {isa = PBXFileReference; lastKnownFileType = sourcecode.swift; path = AppDelegate.swift; sourceTree = "<group>"; };
		5B7D879329D16EDD00765744 /* SceneDelegate.swift */ = {isa = PBXFileReference; lastKnownFileType = sourcecode.swift; path = SceneDelegate.swift; sourceTree = "<group>"; };
		5B7D879529D16EDD00765744 /* TrackersViewController.swift */ = {isa = PBXFileReference; lastKnownFileType = sourcecode.swift; path = TrackersViewController.swift; sourceTree = "<group>"; };
		5B7D879A29D16EDE00765744 /* Assets.xcassets */ = {isa = PBXFileReference; lastKnownFileType = folder.assetcatalog; path = Assets.xcassets; sourceTree = "<group>"; };
		5B7D879D29D16EDE00765744 /* Base */ = {isa = PBXFileReference; lastKnownFileType = file.storyboard; name = Base; path = Base.lproj/LaunchScreen.storyboard; sourceTree = "<group>"; };
		5B7D879F29D16EDE00765744 /* Info.plist */ = {isa = PBXFileReference; lastKnownFileType = text.plist.xml; path = Info.plist; sourceTree = "<group>"; };
		5B88D8D729D2F41A00A325E4 /* TrackerCollectionViewCell.swift */ = {isa = PBXFileReference; lastKnownFileType = sourcecode.swift; path = TrackerCollectionViewCell.swift; sourceTree = "<group>"; };
		5B88D8D929D2F9DA00A325E4 /* Tracker.swift */ = {isa = PBXFileReference; lastKnownFileType = sourcecode.swift; path = Tracker.swift; sourceTree = "<group>"; };
		5B88D8E029D3492B00A325E4 /* TypeTrackerViewController.swift */ = {isa = PBXFileReference; lastKnownFileType = sourcecode.swift; path = TypeTrackerViewController.swift; sourceTree = "<group>"; };
		5B88D8E229D3498300A325E4 /* TypeTrackerView.swift */ = {isa = PBXFileReference; lastKnownFileType = sourcecode.swift; path = TypeTrackerView.swift; sourceTree = "<group>"; };
		5B88D8E629D34D7500A325E4 /* UIViewController+extension.swift */ = {isa = PBXFileReference; lastKnownFileType = sourcecode.swift; path = "UIViewController+extension.swift"; sourceTree = "<group>"; };
		5B88D8E829D34F9D00A325E4 /* Constants.swift */ = {isa = PBXFileReference; lastKnownFileType = sourcecode.swift; path = Constants.swift; sourceTree = "<group>"; };
		5B88D8EA29D351B800A325E4 /* TrackerButton.swift */ = {isa = PBXFileReference; lastKnownFileType = sourcecode.swift; path = TrackerButton.swift; sourceTree = "<group>"; };
		5B88D8F129D4103000A325E4 /* CreateTrackerViewController.swift */ = {isa = PBXFileReference; lastKnownFileType = sourcecode.swift; path = CreateTrackerViewController.swift; sourceTree = "<group>"; };
		5B88D8F329D412E100A325E4 /* CreateTrackerView.swift */ = {isa = PBXFileReference; lastKnownFileType = sourcecode.swift; path = CreateTrackerView.swift; sourceTree = "<group>"; };
		5B88D8F529D442E900A325E4 /* ColorAndEmojiCollectionViewHelper.swift */ = {isa = PBXFileReference; lastKnownFileType = sourcecode.swift; path = ColorAndEmojiCollectionViewHelper.swift; sourceTree = "<group>"; };
		5B88D8FA29D4487500A325E4 /* Collection+extension.swift */ = {isa = PBXFileReference; lastKnownFileType = sourcecode.swift; path = "Collection+extension.swift"; sourceTree = "<group>"; };
		5B88D8FC29D459F200A325E4 /* HeaderReusableView.swift */ = {isa = PBXFileReference; lastKnownFileType = sourcecode.swift; path = HeaderReusableView.swift; sourceTree = "<group>"; };
		5B88D8FE29D473D300A325E4 /* ColorCollectionViewCell.swift */ = {isa = PBXFileReference; lastKnownFileType = sourcecode.swift; path = ColorCollectionViewCell.swift; sourceTree = "<group>"; };
		5B88D90029D47B5A00A325E4 /* EmojiCollectionViewCell.swift */ = {isa = PBXFileReference; lastKnownFileType = sourcecode.swift; path = EmojiCollectionViewCell.swift; sourceTree = "<group>"; };
		5B88D90929D5619400A325E4 /* SheduleCategoryTableViewHelper.swift */ = {isa = PBXFileReference; lastKnownFileType = sourcecode.swift; path = SheduleCategoryTableViewHelper.swift; sourceTree = "<group>"; };
		5B88D90B29D5786800A325E4 /* NameTrackerTextField.swift */ = {isa = PBXFileReference; lastKnownFileType = sourcecode.swift; path = NameTrackerTextField.swift; sourceTree = "<group>"; };
		5B88D91529D5BC2000A325E4 /* NameTrackerTextFieldHelper.swift */ = {isa = PBXFileReference; lastKnownFileType = sourcecode.swift; path = NameTrackerTextFieldHelper.swift; sourceTree = "<group>"; };
		5B88D91729D5D80E00A325E4 /* CategoryViewController.swift */ = {isa = PBXFileReference; lastKnownFileType = sourcecode.swift; path = CategoryViewController.swift; sourceTree = "<group>"; };
		5B88D91929D5D87E00A325E4 /* CategoryView.swift */ = {isa = PBXFileReference; lastKnownFileType = sourcecode.swift; path = CategoryView.swift; sourceTree = "<group>"; };
		5B88D91B29D5EB6A00A325E4 /* CategoryCollectionViewCell.swift */ = {isa = PBXFileReference; lastKnownFileType = sourcecode.swift; path = CategoryCollectionViewCell.swift; sourceTree = "<group>"; };
		5B88D91D29D5F24600A325E4 /* CategoryCollectionViewCellHelper.swift */ = {isa = PBXFileReference; lastKnownFileType = sourcecode.swift; path = CategoryCollectionViewCellHelper.swift; sourceTree = "<group>"; };
		5BBB6AF629E583DC00027985 /* TrackerCategory.swift */ = {isa = PBXFileReference; lastKnownFileType = sourcecode.swift; path = TrackerCategory.swift; sourceTree = "<group>"; };
		5BBB6AF829E5842200027985 /* TrackerRecord.swift */ = {isa = PBXFileReference; lastKnownFileType = sourcecode.swift; path = TrackerRecord.swift; sourceTree = "<group>"; };
		5BBB6AFB29E6952B00027985 /* ScheduleCategoryTableViewModel.swift */ = {isa = PBXFileReference; lastKnownFileType = sourcecode.swift; path = ScheduleCategoryTableViewModel.swift; sourceTree = "<group>"; };
		5BC5CB6729F90FCD008A1FFB /* DataProvider.swift */ = {isa = PBXFileReference; lastKnownFileType = sourcecode.swift; path = DataProvider.swift; sourceTree = "<group>"; };
		5BC7254329DB217500D66F3D /* CategoryStorage.swift */ = {isa = PBXFileReference; lastKnownFileType = sourcecode.swift; path = CategoryStorage.swift; sourceTree = "<group>"; };
		5BF181FE29F6A07C00AC5510 /* TrackerStore.swift */ = {isa = PBXFileReference; lastKnownFileType = sourcecode.swift; path = TrackerStore.swift; sourceTree = "<group>"; };
		5BF1820029F6A08E00AC5510 /* TrackerCategoryStore.swift */ = {isa = PBXFileReference; lastKnownFileType = sourcecode.swift; path = TrackerCategoryStore.swift; sourceTree = "<group>"; };
		5BF1820229F6A09E00AC5510 /* TrackerRecordStore.swift */ = {isa = PBXFileReference; lastKnownFileType = sourcecode.swift; path = TrackerRecordStore.swift; sourceTree = "<group>"; };
		5BF1820629F6A10D00AC5510 /* TrackerModel.xcdatamodel */ = {isa = PBXFileReference; lastKnownFileType = wrapper.xcdatamodel; path = TrackerModel.xcdatamodel; sourceTree = "<group>"; };
		5BF1822F29F6BC3A00AC5510 /* UIColorMarshalling.swift */ = {isa = PBXFileReference; lastKnownFileType = sourcecode.swift; path = UIColorMarshalling.swift; sourceTree = "<group>"; };
/* End PBXFileReference section */

/* Begin PBXFrameworksBuildPhase section */
		5B7D878B29D16EDD00765744 /* Frameworks */ = {
			isa = PBXFrameworksBuildPhase;
			buildActionMask = 2147483647;
			files = (
			);
			runOnlyForDeploymentPostprocessing = 0;
		};
/* End PBXFrameworksBuildPhase section */

/* Begin PBXGroup section */
		5B6A1DF329D197C1006BD980 /* Controllers */ = {
			isa = PBXGroup;
			children = (
				5B88D8DF29D3490300A325E4 /* TabBarController */,
				5B88D8DE29D348EE00A325E4 /* Trackers */,
			);
			path = Controllers;
			sourceTree = "<group>";
		};
		5B6A1DF429D19EC3006BD980 /* Helpers */ = {
			isa = PBXGroup;
			children = (
				5B88D8EC29D35BED00A325E4 /* Custom view */,
				5B6A1DF529D19EDB006BD980 /* UIColor+extension.swift */,
				5B6A1DF729D1A804006BD980 /* UIFont+extension.swift */,
				5B6A1E0229D1D645006BD980 /* UIView+extension.swift */,
				5B88D8E629D34D7500A325E4 /* UIViewController+extension.swift */,
				5B88D8FA29D4487500A325E4 /* Collection+extension.swift */,
				5B49C08F29EBE60E008EE30A /* String+extension.swift */,
				5B49C09129ED1BCE008EE30A /* Date+extension.swift */,
			);
			path = Helpers;
			sourceTree = "<group>";
		};
		5B6A1DFB29D1AEF5006BD980 /* Core */ = {
			isa = PBXGroup;
			children = (
				5B6A1DFE29D1B9C4006BD980 /* TrackerList */,
				5B88D8DD29D2FA7B00A325E4 /* Statistic */,
			);
			path = Core;
			sourceTree = "<group>";
		};
		5B6A1DFE29D1B9C4006BD980 /* TrackerList */ = {
			isa = PBXGroup;
			children = (
				5B7D879529D16EDD00765744 /* TrackersViewController.swift */,
				5B6A1E0129D1D0A3006BD980 /* Views */,
				5B88D8DB29D2FA4E00A325E4 /* Model */,
			);
			path = TrackerList;
			sourceTree = "<group>";
		};
		5B6A1E0129D1D0A3006BD980 /* Views */ = {
			isa = PBXGroup;
			children = (
				5B88D8DC29D2FA5D00A325E4 /* CollectionCell */,
			);
			path = Views;
			sourceTree = "<group>";
		};
		5B7D878529D16EDD00765744 = {
			isa = PBXGroup;
			children = (
				5B6A1DF129D19784006BD980 /* .gitignore */,
				5B7D879029D16EDD00765744 /* Tracker */,
				5B7D878F29D16EDD00765744 /* Products */,
			);
			sourceTree = "<group>";
		};
		5B7D878F29D16EDD00765744 /* Products */ = {
			isa = PBXGroup;
			children = (
				5B7D878E29D16EDD00765744 /* Tracker.app */,
			);
			name = Products;
			sourceTree = "<group>";
		};
		5B7D879029D16EDD00765744 /* Tracker */ = {
			isa = PBXGroup;
			children = (
				5B7D87A629D16F1500765744 /* Application */,
				5B6A1DF329D197C1006BD980 /* Controllers */,
				5BF181FD29F6A06300AC5510 /* Domain */,
				5BF1820429F6A0EE00AC5510 /* CoreData */,
				5BC7254229DB215900D66F3D /* Storage */,
				5B6A1DF429D19EC3006BD980 /* Helpers */,
				5B7D87A529D16F0300765744 /* Resources */,
			);
			path = Tracker;
			sourceTree = "<group>";
		};
		5B7D87A529D16F0300765744 /* Resources */ = {
			isa = PBXGroup;
			children = (
				5B88D8E829D34F9D00A325E4 /* Constants.swift */,
				5B7D879A29D16EDE00765744 /* Assets.xcassets */,
				5B7D879C29D16EDE00765744 /* LaunchScreen.storyboard */,
				5B7D879F29D16EDE00765744 /* Info.plist */,
			);
			path = Resources;
			sourceTree = "<group>";
		};
		5B7D87A629D16F1500765744 /* Application */ = {
			isa = PBXGroup;
			children = (
				5B7D879129D16EDD00765744 /* AppDelegate.swift */,
				5B7D879329D16EDD00765744 /* SceneDelegate.swift */,
			);
			path = Application;
			sourceTree = "<group>";
		};
		5B88D8DB29D2FA4E00A325E4 /* Model */ = {
			isa = PBXGroup;
			children = (
				5B88D8D929D2F9DA00A325E4 /* Tracker.swift */,
				5BBB6AF629E583DC00027985 /* TrackerCategory.swift */,
				5BBB6AF829E5842200027985 /* TrackerRecord.swift */,
			);
			path = Model;
			sourceTree = "<group>";
		};
		5B88D8DC29D2FA5D00A325E4 /* CollectionCell */ = {
			isa = PBXGroup;
			children = (
				5B88D8D729D2F41A00A325E4 /* TrackerCollectionViewCell.swift */,
			);
			path = CollectionCell;
			sourceTree = "<group>";
		};
		5B88D8DD29D2FA7B00A325E4 /* Statistic */ = {
			isa = PBXGroup;
			children = (
				5B6A1DFC29D1B184006BD980 /* StatisticViewController.swift */,
			);
			path = Statistic;
			sourceTree = "<group>";
		};
		5B88D8DE29D348EE00A325E4 /* Trackers */ = {
			isa = PBXGroup;
			children = (
				5B88D8ED29D40DC800A325E4 /* TypeTracker */,
				5B88D8EE29D40DE600A325E4 /* CreatTracker */,
			);
			path = Trackers;
			sourceTree = "<group>";
		};
		5B88D8DF29D3490300A325E4 /* TabBarController */ = {
			isa = PBXGroup;
			children = (
				5B6A1DF929D1AEE8006BD980 /* TabBarController.swift */,
				5B6A1DFB29D1AEF5006BD980 /* Core */,
			);
			path = TabBarController;
			sourceTree = "<group>";
		};
		5B88D8E429D3498A00A325E4 /* View */ = {
			isa = PBXGroup;
			children = (
				5B88D8E229D3498300A325E4 /* TypeTrackerView.swift */,
			);
			path = View;
			sourceTree = "<group>";
		};
		5B88D8E529D3499100A325E4 /* Controller */ = {
			isa = PBXGroup;
			children = (
				5B88D8E029D3492B00A325E4 /* TypeTrackerViewController.swift */,
			);
			path = Controller;
			sourceTree = "<group>";
		};
		5B88D8EC29D35BED00A325E4 /* Custom view */ = {
			isa = PBXGroup;
			children = (
				5B88D8EA29D351B800A325E4 /* TrackerButton.swift */,
				5B88D90B29D5786800A325E4 /* NameTrackerTextField.swift */,
				5B0662E929D8632A001A5A54 /* PlugView.swift */,
				5B88D8FC29D459F200A325E4 /* HeaderReusableView.swift */,
			);
			path = "Custom view";
			sourceTree = "<group>";
		};
		5B88D8ED29D40DC800A325E4 /* TypeTracker */ = {
			isa = PBXGroup;
			children = (
				5B88D8E429D3498A00A325E4 /* View */,
				5B88D8E529D3499100A325E4 /* Controller */,
			);
			path = TypeTracker;
			sourceTree = "<group>";
		};
		5B88D8EE29D40DE600A325E4 /* CreatTracker */ = {
			isa = PBXGroup;
			children = (
				5B88D8F729D442EE00A325E4 /* Helper */,
				5B88D8EF29D40E1A00A325E4 /* Controller */,
				5B88D8F029D40E2200A325E4 /* View */,
				5B88D90229D47B5E00A325E4 /* CollectionViewCell */,
				5BBB6AFA29E694FA00027985 /* Model */,
			);
			path = CreatTracker;
			sourceTree = "<group>";
		};
		5B88D8EF29D40E1A00A325E4 /* Controller */ = {
			isa = PBXGroup;
			children = (
				5B88D8F129D4103000A325E4 /* CreateTrackerViewController.swift */,
				5B88D91729D5D80E00A325E4 /* CategoryViewController.swift */,
				5B0662D929D6A096001A5A54 /* EditCategoryViewController.swift */,
				5B0662DF29D6E49E001A5A54 /* SheduleViewController.swift */,
			);
			path = Controller;
			sourceTree = "<group>";
		};
		5B88D8F029D40E2200A325E4 /* View */ = {
			isa = PBXGroup;
			children = (
				5B0662DB29D6A112001A5A54 /* EditCategoryView.swift */,
				5B88D8F329D412E100A325E4 /* CreateTrackerView.swift */,
				5B88D91929D5D87E00A325E4 /* CategoryView.swift */,
				5B0662E129D6E53D001A5A54 /* SheduleView.swift */,
			);
			path = View;
			sourceTree = "<group>";
		};
		5B88D8F729D442EE00A325E4 /* Helper */ = {
			isa = PBXGroup;
			children = (
				5B88D8F529D442E900A325E4 /* ColorAndEmojiCollectionViewHelper.swift */,
				5B88D90929D5619400A325E4 /* SheduleCategoryTableViewHelper.swift */,
				5B88D91529D5BC2000A325E4 /* NameTrackerTextFieldHelper.swift */,
				5B0662DD29D6A33E001A5A54 /* EditCategoryViewTextFieldHelper.swift */,
				5B88D91D29D5F24600A325E4 /* CategoryCollectionViewCellHelper.swift */,
				5B0662E529D6E8E6001A5A54 /* SheduleCollectionViewCellHelper.swift */,
			);
			path = Helper;
			sourceTree = "<group>";
		};
		5B88D90229D47B5E00A325E4 /* CollectionViewCell */ = {
			isa = PBXGroup;
			children = (
				5B88D8FE29D473D300A325E4 /* ColorCollectionViewCell.swift */,
				5B88D90029D47B5A00A325E4 /* EmojiCollectionViewCell.swift */,
				5B88D91B29D5EB6A00A325E4 /* CategoryCollectionViewCell.swift */,
				5B0662E329D6E7DE001A5A54 /* SheduleCollectionViewCell.swift */,
			);
			path = CollectionViewCell;
			sourceTree = "<group>";
		};
		5BBB6AFA29E694FA00027985 /* Model */ = {
			isa = PBXGroup;
			children = (
				5BBB6AFB29E6952B00027985 /* ScheduleCategoryTableViewModel.swift */,
			);
			path = Model;
			sourceTree = "<group>";
		};
		5BC7254229DB215900D66F3D /* Storage */ = {
			isa = PBXGroup;
			children = (
				5BC7254329DB217500D66F3D /* CategoryStorage.swift */,
			);
			path = Storage;
			sourceTree = "<group>";
		};
		5BF181FD29F6A06300AC5510 /* Domain */ = {
			isa = PBXGroup;
			children = (
				5BC5CB6729F90FCD008A1FFB /* DataProvider.swift */,
				5BF181FE29F6A07C00AC5510 /* TrackerStore.swift */,
				5BF1820029F6A08E00AC5510 /* TrackerCategoryStore.swift */,
				5BF1820229F6A09E00AC5510 /* TrackerRecordStore.swift */,
				5BF1822E29F6BC2600AC5510 /* Helpers */,
			);
			path = Domain;
			sourceTree = "<group>";
		};
		5BF1820429F6A0EE00AC5510 /* CoreData */ = {
			isa = PBXGroup;
			children = (
				5BF1820529F6A10D00AC5510 /* Model.xcdatamodeld */,
			);
			path = CoreData;
			sourceTree = "<group>";
		};
		5BF1822E29F6BC2600AC5510 /* Helpers */ = {
			isa = PBXGroup;
			children = (
				5BF1822F29F6BC3A00AC5510 /* UIColorMarshalling.swift */,
				5B49769B29F7A8620072F9C0 /* ScheduleMarshalling.swift */,
			);
			path = Helpers;
			sourceTree = "<group>";
		};
/* End PBXGroup section */

/* Begin PBXNativeTarget section */
		5B7D878D29D16EDD00765744 /* Tracker */ = {
			isa = PBXNativeTarget;
			buildConfigurationList = 5B7D87A229D16EDE00765744 /* Build configuration list for PBXNativeTarget "Tracker" */;
			buildPhases = (
				5B7D878A29D16EDD00765744 /* Sources */,
				5B7D878B29D16EDD00765744 /* Frameworks */,
				5B7D878C29D16EDD00765744 /* Resources */,
			);
			buildRules = (
			);
			dependencies = (
			);
			name = Tracker;
			productName = Tracker;
			productReference = 5B7D878E29D16EDD00765744 /* Tracker.app */;
			productType = "com.apple.product-type.application";
		};
/* End PBXNativeTarget section */

/* Begin PBXProject section */
		5B7D878629D16EDD00765744 /* Project object */ = {
			isa = PBXProject;
			attributes = {
				BuildIndependentTargetsInParallel = 1;
				LastSwiftUpdateCheck = 1410;
				LastUpgradeCheck = 1410;
				TargetAttributes = {
					5B7D878D29D16EDD00765744 = {
						CreatedOnToolsVersion = 14.1;
					};
				};
			};
			buildConfigurationList = 5B7D878929D16EDD00765744 /* Build configuration list for PBXProject "Tracker" */;
			compatibilityVersion = "Xcode 14.0";
			developmentRegion = en;
			hasScannedForEncodings = 0;
			knownRegions = (
				en,
				Base,
			);
			mainGroup = 5B7D878529D16EDD00765744;
			productRefGroup = 5B7D878F29D16EDD00765744 /* Products */;
			projectDirPath = "";
			projectRoot = "";
			targets = (
				5B7D878D29D16EDD00765744 /* Tracker */,
			);
		};
/* End PBXProject section */

/* Begin PBXResourcesBuildPhase section */
		5B7D878C29D16EDD00765744 /* Resources */ = {
			isa = PBXResourcesBuildPhase;
			buildActionMask = 2147483647;
			files = (
				5B7D879E29D16EDE00765744 /* LaunchScreen.storyboard in Resources */,
				5B6A1DF229D19784006BD980 /* .gitignore in Resources */,
				5B7D879B29D16EDE00765744 /* Assets.xcassets in Resources */,
			);
			runOnlyForDeploymentPostprocessing = 0;
		};
/* End PBXResourcesBuildPhase section */

/* Begin PBXSourcesBuildPhase section */
		5B7D878A29D16EDD00765744 /* Sources */ = {
			isa = PBXSourcesBuildPhase;
			buildActionMask = 2147483647;
			files = (
				5BBB6AF929E5842200027985 /* TrackerRecord.swift in Sources */,
				5B0662EA29D8632A001A5A54 /* PlugView.swift in Sources */,
				5B7D879629D16EDD00765744 /* TrackersViewController.swift in Sources */,
				5BF1820329F6A09E00AC5510 /* TrackerRecordStore.swift in Sources */,
				5B88D8FB29D4487500A325E4 /* Collection+extension.swift in Sources */,
				5B88D91629D5BC2000A325E4 /* NameTrackerTextFieldHelper.swift in Sources */,
				5B6A1DFD29D1B184006BD980 /* StatisticViewController.swift in Sources */,
				5BF181FF29F6A07C00AC5510 /* TrackerStore.swift in Sources */,
				5BC7254429DB217500D66F3D /* CategoryStorage.swift in Sources */,
				5B0662DC29D6A112001A5A54 /* EditCategoryView.swift in Sources */,
				5B88D8E729D34D7500A325E4 /* UIViewController+extension.swift in Sources */,
				5B0662DE29D6A33E001A5A54 /* EditCategoryViewTextFieldHelper.swift in Sources */,
				5BBB6AFC29E6952B00027985 /* ScheduleCategoryTableViewModel.swift in Sources */,
				5B49C09229ED1BCE008EE30A /* Date+extension.swift in Sources */,
				5B6A1DF829D1A804006BD980 /* UIFont+extension.swift in Sources */,
				5B6A1E0329D1D645006BD980 /* UIView+extension.swift in Sources */,
				5B88D8F429D412E100A325E4 /* CreateTrackerView.swift in Sources */,
				5B88D8E929D34F9D00A325E4 /* Constants.swift in Sources */,
				5B7D879229D16EDD00765744 /* AppDelegate.swift in Sources */,
				5B88D91E29D5F24600A325E4 /* CategoryCollectionViewCellHelper.swift in Sources */,
				5B88D8F229D4103000A325E4 /* CreateTrackerViewController.swift in Sources */,
				5B88D8E329D3498300A325E4 /* TypeTrackerView.swift in Sources */,
				5B6A1DFA29D1AEE8006BD980 /* TabBarController.swift in Sources */,
				5B88D8EB29D351B800A325E4 /* TrackerButton.swift in Sources */,
				5B88D8DA29D2F9DA00A325E4 /* Tracker.swift in Sources */,
				5B88D8FD29D459F200A325E4 /* HeaderReusableView.swift in Sources */,
				5B88D91C29D5EB6A00A325E4 /* CategoryCollectionViewCell.swift in Sources */,
				5B88D91829D5D80E00A325E4 /* CategoryViewController.swift in Sources */,
				5B0662E229D6E53D001A5A54 /* SheduleView.swift in Sources */,
				5B49C09029EBE60E008EE30A /* String+extension.swift in Sources */,
				5B7D879429D16EDD00765744 /* SceneDelegate.swift in Sources */,
				5B88D8D829D2F41A00A325E4 /* TrackerCollectionViewCell.swift in Sources */,
				5B88D8F629D442E900A325E4 /* ColorAndEmojiCollectionViewHelper.swift in Sources */,
				5B6A1DF629D19EDB006BD980 /* UIColor+extension.swift in Sources */,
				5B49769C29F7A8620072F9C0 /* ScheduleMarshalling.swift in Sources */,
				5BF1823029F6BC3A00AC5510 /* UIColorMarshalling.swift in Sources */,
				5B88D90129D47B5A00A325E4 /* EmojiCollectionViewCell.swift in Sources */,
				5B88D91A29D5D87E00A325E4 /* CategoryView.swift in Sources */,
				5B88D90C29D5786800A325E4 /* NameTrackerTextField.swift in Sources */,
				5B0662E429D6E7DE001A5A54 /* SheduleCollectionViewCell.swift in Sources */,
				5B0662E029D6E49E001A5A54 /* SheduleViewController.swift in Sources */,
				5BBB6AF729E583DC00027985 /* TrackerCategory.swift in Sources */,
				5BC5CB6829F90FCD008A1FFB /* DataProvider.swift in Sources */,
				5B0662E629D6E8E6001A5A54 /* SheduleCollectionViewCellHelper.swift in Sources */,
				5B0662DA29D6A096001A5A54 /* EditCategoryViewController.swift in Sources */,
				5BF1820129F6A08E00AC5510 /* TrackerCategoryStore.swift in Sources */,
				5BF1820729F6A10D00AC5510 /* Model.xcdatamodeld in Sources */,
				5B88D8E129D3492B00A325E4 /* TypeTrackerViewController.swift in Sources */,
				5B88D90A29D5619400A325E4 /* SheduleCategoryTableViewHelper.swift in Sources */,
				5B88D8FF29D473D300A325E4 /* ColorCollectionViewCell.swift in Sources */,
			);
			runOnlyForDeploymentPostprocessing = 0;
		};
/* End PBXSourcesBuildPhase section */

/* Begin PBXVariantGroup section */
		5B7D879C29D16EDE00765744 /* LaunchScreen.storyboard */ = {
			isa = PBXVariantGroup;
			children = (
				5B7D879D29D16EDE00765744 /* Base */,
			);
			name = LaunchScreen.storyboard;
			sourceTree = "<group>";
		};
/* End PBXVariantGroup section */

/* Begin XCBuildConfiguration section */
		5B7D87A029D16EDE00765744 /* Debug */ = {
			isa = XCBuildConfiguration;
			buildSettings = {
				ALWAYS_SEARCH_USER_PATHS = NO;
				CLANG_ANALYZER_NONNULL = YES;
				CLANG_ANALYZER_NUMBER_OBJECT_CONVERSION = YES_AGGRESSIVE;
				CLANG_CXX_LANGUAGE_STANDARD = "gnu++20";
				CLANG_ENABLE_MODULES = YES;
				CLANG_ENABLE_OBJC_ARC = YES;
				CLANG_ENABLE_OBJC_WEAK = YES;
				CLANG_WARN_BLOCK_CAPTURE_AUTORELEASING = YES;
				CLANG_WARN_BOOL_CONVERSION = YES;
				CLANG_WARN_COMMA = YES;
				CLANG_WARN_CONSTANT_CONVERSION = YES;
				CLANG_WARN_DEPRECATED_OBJC_IMPLEMENTATIONS = YES;
				CLANG_WARN_DIRECT_OBJC_ISA_USAGE = YES_ERROR;
				CLANG_WARN_DOCUMENTATION_COMMENTS = YES;
				CLANG_WARN_EMPTY_BODY = YES;
				CLANG_WARN_ENUM_CONVERSION = YES;
				CLANG_WARN_INFINITE_RECURSION = YES;
				CLANG_WARN_INT_CONVERSION = YES;
				CLANG_WARN_NON_LITERAL_NULL_CONVERSION = YES;
				CLANG_WARN_OBJC_IMPLICIT_RETAIN_SELF = YES;
				CLANG_WARN_OBJC_LITERAL_CONVERSION = YES;
				CLANG_WARN_OBJC_ROOT_CLASS = YES_ERROR;
				CLANG_WARN_QUOTED_INCLUDE_IN_FRAMEWORK_HEADER = YES;
				CLANG_WARN_RANGE_LOOP_ANALYSIS = YES;
				CLANG_WARN_STRICT_PROTOTYPES = YES;
				CLANG_WARN_SUSPICIOUS_MOVE = YES;
				CLANG_WARN_UNGUARDED_AVAILABILITY = YES_AGGRESSIVE;
				CLANG_WARN_UNREACHABLE_CODE = YES;
				CLANG_WARN__DUPLICATE_METHOD_MATCH = YES;
				COPY_PHASE_STRIP = NO;
				DEBUG_INFORMATION_FORMAT = dwarf;
				ENABLE_STRICT_OBJC_MSGSEND = YES;
				ENABLE_TESTABILITY = YES;
				GCC_C_LANGUAGE_STANDARD = gnu11;
				GCC_DYNAMIC_NO_PIC = NO;
				GCC_NO_COMMON_BLOCKS = YES;
				GCC_OPTIMIZATION_LEVEL = 0;
				GCC_PREPROCESSOR_DEFINITIONS = (
					"DEBUG=1",
					"$(inherited)",
				);
				GCC_WARN_64_TO_32_BIT_CONVERSION = YES;
				GCC_WARN_ABOUT_RETURN_TYPE = YES_ERROR;
				GCC_WARN_UNDECLARED_SELECTOR = YES;
				GCC_WARN_UNINITIALIZED_AUTOS = YES_AGGRESSIVE;
				GCC_WARN_UNUSED_FUNCTION = YES;
				GCC_WARN_UNUSED_VARIABLE = YES;
				IPHONEOS_DEPLOYMENT_TARGET = 16.1;
				MTL_ENABLE_DEBUG_INFO = INCLUDE_SOURCE;
				MTL_FAST_MATH = YES;
				ONLY_ACTIVE_ARCH = YES;
				SDKROOT = iphoneos;
				SWIFT_ACTIVE_COMPILATION_CONDITIONS = DEBUG;
				SWIFT_OPTIMIZATION_LEVEL = "-Onone";
			};
			name = Debug;
		};
		5B7D87A129D16EDE00765744 /* Release */ = {
			isa = XCBuildConfiguration;
			buildSettings = {
				ALWAYS_SEARCH_USER_PATHS = NO;
				CLANG_ANALYZER_NONNULL = YES;
				CLANG_ANALYZER_NUMBER_OBJECT_CONVERSION = YES_AGGRESSIVE;
				CLANG_CXX_LANGUAGE_STANDARD = "gnu++20";
				CLANG_ENABLE_MODULES = YES;
				CLANG_ENABLE_OBJC_ARC = YES;
				CLANG_ENABLE_OBJC_WEAK = YES;
				CLANG_WARN_BLOCK_CAPTURE_AUTORELEASING = YES;
				CLANG_WARN_BOOL_CONVERSION = YES;
				CLANG_WARN_COMMA = YES;
				CLANG_WARN_CONSTANT_CONVERSION = YES;
				CLANG_WARN_DEPRECATED_OBJC_IMPLEMENTATIONS = YES;
				CLANG_WARN_DIRECT_OBJC_ISA_USAGE = YES_ERROR;
				CLANG_WARN_DOCUMENTATION_COMMENTS = YES;
				CLANG_WARN_EMPTY_BODY = YES;
				CLANG_WARN_ENUM_CONVERSION = YES;
				CLANG_WARN_INFINITE_RECURSION = YES;
				CLANG_WARN_INT_CONVERSION = YES;
				CLANG_WARN_NON_LITERAL_NULL_CONVERSION = YES;
				CLANG_WARN_OBJC_IMPLICIT_RETAIN_SELF = YES;
				CLANG_WARN_OBJC_LITERAL_CONVERSION = YES;
				CLANG_WARN_OBJC_ROOT_CLASS = YES_ERROR;
				CLANG_WARN_QUOTED_INCLUDE_IN_FRAMEWORK_HEADER = YES;
				CLANG_WARN_RANGE_LOOP_ANALYSIS = YES;
				CLANG_WARN_STRICT_PROTOTYPES = YES;
				CLANG_WARN_SUSPICIOUS_MOVE = YES;
				CLANG_WARN_UNGUARDED_AVAILABILITY = YES_AGGRESSIVE;
				CLANG_WARN_UNREACHABLE_CODE = YES;
				CLANG_WARN__DUPLICATE_METHOD_MATCH = YES;
				COPY_PHASE_STRIP = NO;
				DEBUG_INFORMATION_FORMAT = "dwarf-with-dsym";
				ENABLE_NS_ASSERTIONS = NO;
				ENABLE_STRICT_OBJC_MSGSEND = YES;
				GCC_C_LANGUAGE_STANDARD = gnu11;
				GCC_NO_COMMON_BLOCKS = YES;
				GCC_WARN_64_TO_32_BIT_CONVERSION = YES;
				GCC_WARN_ABOUT_RETURN_TYPE = YES_ERROR;
				GCC_WARN_UNDECLARED_SELECTOR = YES;
				GCC_WARN_UNINITIALIZED_AUTOS = YES_AGGRESSIVE;
				GCC_WARN_UNUSED_FUNCTION = YES;
				GCC_WARN_UNUSED_VARIABLE = YES;
				IPHONEOS_DEPLOYMENT_TARGET = 16.1;
				MTL_ENABLE_DEBUG_INFO = NO;
				MTL_FAST_MATH = YES;
				SDKROOT = iphoneos;
				SWIFT_COMPILATION_MODE = wholemodule;
				SWIFT_OPTIMIZATION_LEVEL = "-O";
				VALIDATE_PRODUCT = YES;
			};
			name = Release;
		};
		5B7D87A329D16EDE00765744 /* Debug */ = {
			isa = XCBuildConfiguration;
			buildSettings = {
				ASSETCATALOG_COMPILER_APPICON_NAME = AppIcon;
				ASSETCATALOG_COMPILER_GLOBAL_ACCENT_COLOR_NAME = AccentColor;
				CODE_SIGN_STYLE = Automatic;
				CURRENT_PROJECT_VERSION = 1;
				DEVELOPMENT_TEAM = KL9Y7R8H95;
				GENERATE_INFOPLIST_FILE = YES;
				INFOPLIST_FILE = Tracker/Resources/Info.plist;
				INFOPLIST_KEY_UIApplicationSupportsIndirectInputEvents = YES;
				INFOPLIST_KEY_UILaunchStoryboardName = LaunchScreen;
				INFOPLIST_KEY_UISupportedInterfaceOrientations = UIInterfaceOrientationPortrait;
				INFOPLIST_KEY_UISupportedInterfaceOrientations_iPad = "UIInterfaceOrientationLandscapeLeft UIInterfaceOrientationLandscapeRight UIInterfaceOrientationPortrait UIInterfaceOrientationPortraitUpsideDown";
				IPHONEOS_DEPLOYMENT_TARGET = 13.4;
				LD_RUNPATH_SEARCH_PATHS = (
					"$(inherited)",
					"@executable_path/Frameworks",
				);
				MARKETING_VERSION = 1.0;
				PRODUCT_BUNDLE_IDENTIFIER = Pussmal.Tracker;
				PRODUCT_NAME = "$(TARGET_NAME)";
				SUPPORTED_PLATFORMS = "iphoneos iphonesimulator";
				SUPPORTS_MACCATALYST = NO;
				SUPPORTS_MAC_DESIGNED_FOR_IPHONE_IPAD = NO;
				SWIFT_EMIT_LOC_STRINGS = YES;
				SWIFT_VERSION = 5.0;
				TARGETED_DEVICE_FAMILY = 1;
			};
			name = Debug;
		};
		5B7D87A429D16EDE00765744 /* Release */ = {
			isa = XCBuildConfiguration;
			buildSettings = {
				ASSETCATALOG_COMPILER_APPICON_NAME = AppIcon;
				ASSETCATALOG_COMPILER_GLOBAL_ACCENT_COLOR_NAME = AccentColor;
				CODE_SIGN_STYLE = Automatic;
				CURRENT_PROJECT_VERSION = 1;
				DEVELOPMENT_TEAM = KL9Y7R8H95;
				GENERATE_INFOPLIST_FILE = YES;
				INFOPLIST_FILE = Tracker/Resources/Info.plist;
				INFOPLIST_KEY_UIApplicationSupportsIndirectInputEvents = YES;
				INFOPLIST_KEY_UILaunchStoryboardName = LaunchScreen;
				INFOPLIST_KEY_UISupportedInterfaceOrientations = UIInterfaceOrientationPortrait;
				INFOPLIST_KEY_UISupportedInterfaceOrientations_iPad = "UIInterfaceOrientationLandscapeLeft UIInterfaceOrientationLandscapeRight UIInterfaceOrientationPortrait UIInterfaceOrientationPortraitUpsideDown";
				IPHONEOS_DEPLOYMENT_TARGET = 13.4;
				LD_RUNPATH_SEARCH_PATHS = (
					"$(inherited)",
					"@executable_path/Frameworks",
				);
				MARKETING_VERSION = 1.0;
				PRODUCT_BUNDLE_IDENTIFIER = Pussmal.Tracker;
				PRODUCT_NAME = "$(TARGET_NAME)";
				SUPPORTED_PLATFORMS = "iphoneos iphonesimulator";
				SUPPORTS_MACCATALYST = NO;
				SUPPORTS_MAC_DESIGNED_FOR_IPHONE_IPAD = NO;
				SWIFT_EMIT_LOC_STRINGS = YES;
				SWIFT_VERSION = 5.0;
				TARGETED_DEVICE_FAMILY = 1;
			};
			name = Release;
		};
/* End XCBuildConfiguration section */

/* Begin XCConfigurationList section */
		5B7D878929D16EDD00765744 /* Build configuration list for PBXProject "Tracker" */ = {
			isa = XCConfigurationList;
			buildConfigurations = (
				5B7D87A029D16EDE00765744 /* Debug */,
				5B7D87A129D16EDE00765744 /* Release */,
			);
			defaultConfigurationIsVisible = 0;
			defaultConfigurationName = Release;
		};
		5B7D87A229D16EDE00765744 /* Build configuration list for PBXNativeTarget "Tracker" */ = {
			isa = XCConfigurationList;
			buildConfigurations = (
				5B7D87A329D16EDE00765744 /* Debug */,
				5B7D87A429D16EDE00765744 /* Release */,
			);
			defaultConfigurationIsVisible = 0;
			defaultConfigurationName = Release;
		};
/* End XCConfigurationList section */

/* Begin XCVersionGroup section */
		5BF1820529F6A10D00AC5510 /* Model.xcdatamodeld */ = {
			isa = XCVersionGroup;
			children = (
				5BF1820629F6A10D00AC5510 /* TrackerModel.xcdatamodel */,
			);
			currentVersion = 5BF1820629F6A10D00AC5510 /* TrackerModel.xcdatamodel */;
			path = Model.xcdatamodeld;
			sourceTree = "<group>";
			versionGroupType = wrapper.xcdatamodel;
		};
/* End XCVersionGroup section */
	};
	rootObject = 5B7D878629D16EDD00765744 /* Project object */;
}
